
Microsoft Visual Studio Solution File, Format Version 12.00
# Visual Studio 15
VisualStudioVersion = 15.0.27004.2002
MinimumVisualStudioVersion = 10.0.40219.1
Project("{FAE04EC0-301F-11D3-BF4B-00C04F79EFBC}") = "VehicleTracking", "VehicleTracking\VehicleTracking.csproj", "{15383326-6C11-40B9-BFBF-EB081E47CB3B}"
EndProject
Project("{FAE04EC0-301F-11D3-BF4B-00C04F79EFBC}") = "TrackingUnitTests", "TrackingUnitTests\TrackingUnitTests.csproj", "{0CC1831B-8745-475B-9981-AD9A7E4ACF8F}"
EndProject
Global
	GlobalSection(SolutionConfigurationPlatforms) = preSolution
		Debug|Any CPU = Debug|Any CPU
		Release|Any CPU = Release|Any CPU
	EndGlobalSection
	GlobalSection(ProjectConfigurationPlatforms) = postSolution
		{15383326-6C11-40B9-BFBF-EB081E47CB3B}.Debug|Any CPU.ActiveCfg = Debug|Any CPU
		{15383326-6C11-40B9-BFBF-EB081E47CB3B}.Debug|Any CPU.Build.0 = Debug|Any CPU
		{15383326-6C11-40B9-BFBF-EB081E47CB3B}.Release|Any CPU.ActiveCfg = Release|Any CPU
		{15383326-6C11-40B9-BFBF-EB081E47CB3B}.Release|Any CPU.Build.0 = Release|Any CPU
		{0CC1831B-8745-475B-9981-AD9A7E4ACF8F}.Debug|Any CPU.ActiveCfg = Debug|Any CPU
		{0CC1831B-8745-475B-9981-AD9A7E4ACF8F}.Debug|Any CPU.Build.0 = Debug|Any CPU
		{0CC1831B-8745-475B-9981-AD9A7E4ACF8F}.Release|Any CPU.ActiveCfg = Release|Any CPU
		{0CC1831B-8745-475B-9981-AD9A7E4ACF8F}.Release|Any CPU.Build.0 = Release|Any CPU
	EndGlobalSection
	GlobalSection(SolutionProperties) = preSolution
		HideSolutionNode = FALSE
	EndGlobalSection
	GlobalSection(ExtensibilityGlobals) = postSolution
		SolutionGuid = {56B0A554-5100-4225-856B-193744288AC5}
	EndGlobalSection
EndGlobal
